{
  "version": 4,
  "terraform_version": "1.2.2",
  "serial": 18,
  "lineage": "e8936a3b-7fe7-d978-df42-d17922508544",
  "outputs": {
    "default-net-id": {
      "value": "enpl6lcntmjjs7kfanmm",
      "type": "string"
    },
    "srv1-id": {
      "value": "fhmdqhe6ck1mvqe9bcaq",
      "type": "string"
    },
    "srv1-ip": {
      "value": [
        "51.250.93.74"
      ],
      "type": [
        "tuple",
        [
          "string"
        ]
      ]
    }
  },
  "resources": [
    {
      "mode": "managed",
      "type": "yandex_compute_instance",
      "name": "srv1",
      "provider": "provider[\"registry.terraform.io/yandex-cloud/yandex\"]",
      "instances": [
        {
          "schema_version": 1,
          "attributes": {
            "allow_recreate": null,
            "allow_stopping_for_update": null,
            "boot_disk": [
              {
                "auto_delete": true,
                "device_name": "fhmmodtmvtgfv1k8qp0n",
                "disk_id": "fhmmodtmvtgfv1k8qp0n",
                "initialize_params": [
                  {
                    "block_size": 4096,
                    "description": "",
                    "image_id": "fd8it9bbj7qma34iaqgc",
                    "name": "",
                    "size": 3,
                    "snapshot_id": "",
                    "type": "network-hdd"
                  }
                ],
                "mode": "READ_WRITE"
              }
            ],
            "created_at": "2022-06-17T09:38:31Z",
            "description": "B5.3.7 practice",
            "folder_id": "b1g5qe24o1sfk312vhrb",
            "fqdn": "fhmdqhe6ck1mvqe9bcaq.auto.internal",
            "hostname": "fhmdqhe6ck1mvqe9bcaq",
            "id": "fhmdqhe6ck1mvqe9bcaq",
            "labels": null,
            "metadata": {
              "ssh-keys": "win:ssh-rsa AAAAB3NzaC1yc2EAAAADAQABAAABgQCkWixFJHdShkX18bpPMoIuIRSLL6d8YzBGb9ZbiNgr2IQzuq4DTss55KhNge8oKdK7AR1TzEZlNy11HQW1l+sGwSHYvQ/7WfEilkMk0mRslQqsLAMmxTRURjzfwiZkFF6wttCnwW+qlLdxOqOV1yop7KfcF++0TZX05wUv0KJkT77NGQGqFvlZS65KwLadotOW8p7dVcc0d/7mFkYamtnq0KGWPqFfyvrFEoM6Esd6H0aZhkVko1z7qXHGFMDP2cEo8FMY9lTa8rLJPnzRgc/ZuHCROGeaWYQ2gxeIviUoQ7ASW0EHK36oO+zPDMfnhRiezomH1hMJmBXwNCKtuucO9+7VBixCCWmCkdDmRazfxa8PeFz97xtCQILlI7C/WJ7op3qho2fSjRucm2aUczaRHUZTFbbYKdUbiOmNaekMChfVhIaJIn7fZlL1n1kUgJnNUiCqfQF+vEURjqO95selVQPxt64T7YeGL/VlOG96vQ99gOSOa12Jmx0eOba9eJ8= Юрий@zzz-pc\n"
            },
            "name": "srv1-terr",
            "network_acceleration_type": "standard",
            "network_interface": [
              {
                "dns_record": [],
                "index": 0,
                "ip_address": "10.0.0.8",
                "ipv4": true,
                "ipv6": false,
                "ipv6_address": "",
                "ipv6_dns_record": [],
                "mac_address": "d0:0d:dd:45:c6:65",
                "nat": true,
                "nat_dns_record": [],
                "nat_ip_address": "51.250.93.74",
                "nat_ip_version": "IPV4",
                "security_group_ids": [],
                "subnet_id": "e9bdmqv50jnoa6dbrkoo"
              }
            ],
            "placement_policy": [
              {
                "host_affinity_rules": [],
                "placement_group_id": ""
              }
            ],
            "platform_id": "standard-v1",
            "resources": [
              {
                "core_fraction": 100,
                "cores": 2,
                "gpus": 0,
                "memory": 4
              }
            ],
            "scheduling_policy": [
              {
                "preemptible": false
              }
            ],
            "secondary_disk": [],
            "service_account_id": "",
            "status": "running",
            "timeouts": null,
            "zone": "ru-central1-a"
          },
          "sensitive_attributes": [],
          "private": "eyJlMmJmYjczMC1lY2FhLTExZTYtOGY4OC0zNDM2M2JjN2M0YzAiOnsiY3JlYXRlIjozMDAwMDAwMDAwMDAsImRlbGV0ZSI6MzAwMDAwMDAwMDAwLCJ1cGRhdGUiOjMwMDAwMDAwMDAwMH0sInNjaGVtYV92ZXJzaW9uIjoiMSJ9",
          "dependencies": [
            "yandex_vpc_network.def-net",
            "yandex_vpc_subnet.internal-net1"
          ]
        }
      ]
    },
    {
      "mode": "managed",
      "type": "yandex_vpc_network",
      "name": "def-net",
      "provider": "provider[\"registry.terraform.io/yandex-cloud/yandex\"]",
      "instances": [
        {
          "schema_version": 0,
          "attributes": {
            "created_at": "2022-06-17T09:38:28Z",
            "default_security_group_id": "",
            "description": "",
            "folder_id": "b1g5qe24o1sfk312vhrb",
            "id": "enpl6lcntmjjs7kfanmm",
            "labels": {},
            "name": "def-network",
            "subnet_ids": [],
            "timeouts": null
          },
          "sensitive_attributes": [],
          "private": "eyJlMmJmYjczMC1lY2FhLTExZTYtOGY4OC0zNDM2M2JjN2M0YzAiOnsiY3JlYXRlIjo2MDAwMDAwMDAwMCwiZGVsZXRlIjo2MDAwMDAwMDAwMCwidXBkYXRlIjo2MDAwMDAwMDAwMH19"
        }
      ]
    },
    {
      "mode": "managed",
      "type": "yandex_vpc_subnet",
      "name": "internal-net1",
      "provider": "provider[\"registry.terraform.io/yandex-cloud/yandex\"]",
      "instances": [
        {
          "schema_version": 0,
          "attributes": {
            "created_at": "2022-06-17T09:38:29Z",
            "description": "",
            "dhcp_options": [],
            "folder_id": "b1g5qe24o1sfk312vhrb",
            "id": "e9bdmqv50jnoa6dbrkoo",
            "labels": {},
            "name": "int-subnet",
            "network_id": "enpl6lcntmjjs7kfanmm",
            "route_table_id": "",
            "timeouts": null,
            "v4_cidr_blocks": [
              "10.0.0.0/24"
            ],
            "v6_cidr_blocks": [],
            "zone": "ru-central1-a"
          },
          "sensitive_attributes": [],
          "private": "eyJlMmJmYjczMC1lY2FhLTExZTYtOGY4OC0zNDM2M2JjN2M0YzAiOnsiY3JlYXRlIjoxODAwMDAwMDAwMDAsImRlbGV0ZSI6MTgwMDAwMDAwMDAwLCJ1cGRhdGUiOjE4MDAwMDAwMDAwMH19",
          "dependencies": [
            "yandex_vpc_network.def-net"
          ]
        }
      ]
    }
  ]
}
